
Microsoft Visual Studio Solution File, Format Version 12.00
# Visual Studio Version 16
VisualStudioVersion = 16.0.31424.327
MinimumVisualStudioVersion = 10.0.40219.1
Project("{FAE04EC0-301F-11D3-BF4B-00C04F79EFBC}") = "Hangman", "Hangman\Hangman.csproj", "{4B7C749D-8511-4955-96C1-44F80DBA8FB2}"
EndProject
Global
	GlobalSection(SolutionConfigurationPlatforms) = preSolution
		Debug|Any CPU = Debug|Any CPU
		Release|Any CPU = Release|Any CPU
	EndGlobalSection
	GlobalSection(ProjectConfigurationPlatforms) = postSolution
		{4B7C749D-8511-4955-96C1-44F80DBA8FB2}.Debug|Any CPU.ActiveCfg = Debug|Any CPU
		{4B7C749D-8511-4955-96C1-44F80DBA8FB2}.Debug|Any CPU.Build.0 = Debug|Any CPU
		{4B7C749D-8511-4955-96C1-44F80DBA8FB2}.Release|Any CPU.ActiveCfg = Release|Any CPU
		{4B7C749D-8511-4955-96C1-44F80DBA8FB2}.Release|Any CPU.Build.0 = Release|Any CPU
	EndGlobalSection
	GlobalSection(SolutionProperties) = preSolution
		HideSolutionNode = FALSE
	EndGlobalSection
	GlobalSection(ExtensibilityGlobals) = postSolution
		SolutionGuid = {AB253830-7CF2-4FED-AC23-FCFFB8ED7488}
	EndGlobalSection
EndGlobal
